Microsoft Visual Studio Solution File, Format Version 12.00
# Visual Studio Version 17
VisualStudioVersion = 17.5.2.0
MinimumVisualStudioVersion = 10.0.40219.1
Project("{2150E333-8FDC-42A3-9474-1A3956D46DE8}") = "Data Structures and Algorithms", "Data Structures and Algorithms", "{3CC7F4A9-A68E-C393-1CAF-080B81B952FF}"
EndProject
Project("{2150E333-8FDC-42A3-9474-1A3956D46DE8}") = "Design Patterns and Principles", "Design Patterns and Principles", "{0418E586-4BE8-4F20-BC90-8CA7950EBAB1}"
EndProject
Project("{FAE04EC0-301F-11D3-BF4B-00C04F79EFBC}") = "Exercise_2", "Data Structures and Algorithms\Exercise_2\Exercise_2.csproj", "{10115EFC-EFD0-9A3A-8595-F67FC2ACAA4A}"
EndProject
Project("{FAE04EC0-301F-11D3-BF4B-00C04F79EFBC}") = "Exercise_7", "Data Structures and Algorithms\Exercise_7\Exercise_7.csproj", "{0388CA39-1294-15DF-9C4C-C34C2292825C}"
EndProject
Project("{FAE04EC0-301F-11D3-BF4B-00C04F79EFBC}") = "Exercise _1", "Design Patterns and Principles\Exercise _1\Exercise _1.csproj", "{C45C0A4D-0116-F445-DD35-B139CB038965}"
EndProject
Project("{FAE04EC0-301F-11D3-BF4B-00C04F79EFBC}") = "Exercise_2", "Design Patterns and Principles\Exercise_2\Exercise_2.csproj", "{3D3D37B5-280A-796E-85E8-3862DF103A39}"
EndProject
Global
	GlobalSection(SolutionConfigurationPlatforms) = preSolution
		Debug|Any CPU = Debug|Any CPU
		Release|Any CPU = Release|Any CPU
	EndGlobalSection
	GlobalSection(ProjectConfigurationPlatforms) = postSolution
		{10115EFC-EFD0-9A3A-8595-F67FC2ACAA4A}.Debug|Any CPU.ActiveCfg = Debug|Any CPU
		{10115EFC-EFD0-9A3A-8595-F67FC2ACAA4A}.Debug|Any CPU.Build.0 = Debug|Any CPU
		{10115EFC-EFD0-9A3A-8595-F67FC2ACAA4A}.Release|Any CPU.ActiveCfg = Release|Any CPU
		{10115EFC-EFD0-9A3A-8595-F67FC2ACAA4A}.Release|Any CPU.Build.0 = Release|Any CPU
		{0388CA39-1294-15DF-9C4C-C34C2292825C}.Debug|Any CPU.ActiveCfg = Debug|Any CPU
		{0388CA39-1294-15DF-9C4C-C34C2292825C}.Debug|Any CPU.Build.0 = Debug|Any CPU
		{0388CA39-1294-15DF-9C4C-C34C2292825C}.Release|Any CPU.ActiveCfg = Release|Any CPU
		{0388CA39-1294-15DF-9C4C-C34C2292825C}.Release|Any CPU.Build.0 = Release|Any CPU
		{C45C0A4D-0116-F445-DD35-B139CB038965}.Debug|Any CPU.ActiveCfg = Debug|Any CPU
		{C45C0A4D-0116-F445-DD35-B139CB038965}.Debug|Any CPU.Build.0 = Debug|Any CPU
		{C45C0A4D-0116-F445-DD35-B139CB038965}.Release|Any CPU.ActiveCfg = Release|Any CPU
		{C45C0A4D-0116-F445-DD35-B139CB038965}.Release|Any CPU.Build.0 = Release|Any CPU
		{3D3D37B5-280A-796E-85E8-3862DF103A39}.Debug|Any CPU.ActiveCfg = Debug|Any CPU
		{3D3D37B5-280A-796E-85E8-3862DF103A39}.Debug|Any CPU.Build.0 = Debug|Any CPU
		{3D3D37B5-280A-796E-85E8-3862DF103A39}.Release|Any CPU.ActiveCfg = Release|Any CPU
		{3D3D37B5-280A-796E-85E8-3862DF103A39}.Release|Any CPU.Build.0 = Release|Any CPU
	EndGlobalSection
	GlobalSection(SolutionProperties) = preSolution
		HideSolutionNode = FALSE
	EndGlobalSection
	GlobalSection(NestedProjects) = preSolution
		{10115EFC-EFD0-9A3A-8595-F67FC2ACAA4A} = {3CC7F4A9-A68E-C393-1CAF-080B81B952FF}
		{0388CA39-1294-15DF-9C4C-C34C2292825C} = {3CC7F4A9-A68E-C393-1CAF-080B81B952FF}
		{C45C0A4D-0116-F445-DD35-B139CB038965} = {0418E586-4BE8-4F20-BC90-8CA7950EBAB1}
		{3D3D37B5-280A-796E-85E8-3862DF103A39} = {0418E586-4BE8-4F20-BC90-8CA7950EBAB1}
	EndGlobalSection
	GlobalSection(ExtensibilityGlobals) = postSolution
		SolutionGuid = {2C0373DB-2FC3-4D47-A882-7A2421459D5C}
	EndGlobalSection
EndGlobal
